
Microsoft Visual Studio Solution File, Format Version 12.00
# Visual Studio Version 16
VisualStudioVersion = 16.0.29728.190
MinimumVisualStudioVersion = 10.0.40219.1
Project("{9A19103F-16F7-4668-BE54-9A1E7A4F7556}") = "MatchingSystem.UI", "MatchingSystem.UI\MatchingSystem.UI.csproj", "{A0151FF8-AD60-4276-BA1B-5ABA3633B1A8}"
EndProject
Project("{9A19103F-16F7-4668-BE54-9A1E7A4F7556}") = "MatchingSystem.Data", "MatchingSystem.Data\MatchingSystem.Data.csproj", "{22E23962-4356-4956-A618-37C9D3826A69}"
EndProject
Project("{FAE04EC0-301F-11D3-BF4B-00C04F79EFBC}") = "MatchingSystem.Constants", "MatchingSystem.Constants\MatchingSystem.Constants.csproj", "{002E06FB-FEDC-40D4-83FA-7D9617C9BEF4}"
EndProject
Project("{FAE04EC0-301F-11D3-BF4B-00C04F79EFBC}") = "MatchingSystem.Service", "MatchingSystem.Service\MatchingSystem.Service.csproj", "{00071BE1-A638-4E23-A154-ADCE728A3ACA}"
EndProject
Project("{FAE04EC0-301F-11D3-BF4B-00C04F79EFBC}") = "MatchingLibrary", "MatchingLibrary\MatchingLibrary.csproj", "{EF449E7A-4230-4AC9-83FB-8F743F78DB51}"
EndProject
Project("{FAE04EC0-301F-11D3-BF4B-00C04F79EFBC}") = "MatchingLibrary.Tests", "MatchingLibrary.Tests\MatchingLibrary.Tests.csproj", "{434BB582-D8A8-4BD3-9F64-1610FCC14EF4}"
EndProject
Project("{FAE04EC0-301F-11D3-BF4B-00C04F79EFBC}") = "MatchingSystem.Service.Tests", "MatchingSystem.Service.Tests\MatchingSystem.Service.Tests.csproj", "{F321D110-C9CE-4FE5-8B62-875733CD868E}"
EndProject
Global
	GlobalSection(SolutionConfigurationPlatforms) = preSolution
		Debug|Any CPU = Debug|Any CPU
		Production|Any CPU = Production|Any CPU
		Release|Any CPU = Release|Any CPU
	EndGlobalSection
	GlobalSection(ProjectConfigurationPlatforms) = postSolution
		{A0151FF8-AD60-4276-BA1B-5ABA3633B1A8}.Debug|Any CPU.ActiveCfg = Debug|Any CPU
		{A0151FF8-AD60-4276-BA1B-5ABA3633B1A8}.Debug|Any CPU.Build.0 = Debug|Any CPU
		{A0151FF8-AD60-4276-BA1B-5ABA3633B1A8}.Production|Any CPU.ActiveCfg = Release|Any CPU
		{A0151FF8-AD60-4276-BA1B-5ABA3633B1A8}.Production|Any CPU.Build.0 = Release|Any CPU
		{A0151FF8-AD60-4276-BA1B-5ABA3633B1A8}.Release|Any CPU.ActiveCfg = Release|Any CPU
		{A0151FF8-AD60-4276-BA1B-5ABA3633B1A8}.Release|Any CPU.Build.0 = Release|Any CPU
		{22E23962-4356-4956-A618-37C9D3826A69}.Debug|Any CPU.ActiveCfg = Debug|Any CPU
		{22E23962-4356-4956-A618-37C9D3826A69}.Debug|Any CPU.Build.0 = Debug|Any CPU
		{22E23962-4356-4956-A618-37C9D3826A69}.Production|Any CPU.ActiveCfg = Debug|Any CPU
		{22E23962-4356-4956-A618-37C9D3826A69}.Production|Any CPU.Build.0 = Debug|Any CPU
		{22E23962-4356-4956-A618-37C9D3826A69}.Release|Any CPU.ActiveCfg = Release|Any CPU
		{22E23962-4356-4956-A618-37C9D3826A69}.Release|Any CPU.Build.0 = Release|Any CPU
		{002E06FB-FEDC-40D4-83FA-7D9617C9BEF4}.Debug|Any CPU.ActiveCfg = Debug|Any CPU
		{002E06FB-FEDC-40D4-83FA-7D9617C9BEF4}.Debug|Any CPU.Build.0 = Debug|Any CPU
		{002E06FB-FEDC-40D4-83FA-7D9617C9BEF4}.Production|Any CPU.ActiveCfg = Debug|Any CPU
		{002E06FB-FEDC-40D4-83FA-7D9617C9BEF4}.Production|Any CPU.Build.0 = Debug|Any CPU
		{002E06FB-FEDC-40D4-83FA-7D9617C9BEF4}.Release|Any CPU.ActiveCfg = Release|Any CPU
		{002E06FB-FEDC-40D4-83FA-7D9617C9BEF4}.Release|Any CPU.Build.0 = Release|Any CPU
		{00071BE1-A638-4E23-A154-ADCE728A3ACA}.Debug|Any CPU.ActiveCfg = Debug|Any CPU
		{00071BE1-A638-4E23-A154-ADCE728A3ACA}.Debug|Any CPU.Build.0 = Debug|Any CPU
		{00071BE1-A638-4E23-A154-ADCE728A3ACA}.Production|Any CPU.ActiveCfg = Debug|Any CPU
		{00071BE1-A638-4E23-A154-ADCE728A3ACA}.Production|Any CPU.Build.0 = Debug|Any CPU
		{00071BE1-A638-4E23-A154-ADCE728A3ACA}.Release|Any CPU.ActiveCfg = Release|Any CPU
		{00071BE1-A638-4E23-A154-ADCE728A3ACA}.Release|Any CPU.Build.0 = Release|Any CPU
		{EF449E7A-4230-4AC9-83FB-8F743F78DB51}.Debug|Any CPU.ActiveCfg = Debug|Any CPU
		{EF449E7A-4230-4AC9-83FB-8F743F78DB51}.Debug|Any CPU.Build.0 = Debug|Any CPU
		{EF449E7A-4230-4AC9-83FB-8F743F78DB51}.Production|Any CPU.ActiveCfg = Debug|Any CPU
		{EF449E7A-4230-4AC9-83FB-8F743F78DB51}.Production|Any CPU.Build.0 = Debug|Any CPU
		{EF449E7A-4230-4AC9-83FB-8F743F78DB51}.Release|Any CPU.ActiveCfg = Release|Any CPU
		{EF449E7A-4230-4AC9-83FB-8F743F78DB51}.Release|Any CPU.Build.0 = Release|Any CPU
		{434BB582-D8A8-4BD3-9F64-1610FCC14EF4}.Debug|Any CPU.ActiveCfg = Debug|Any CPU
		{434BB582-D8A8-4BD3-9F64-1610FCC14EF4}.Debug|Any CPU.Build.0 = Debug|Any CPU
		{434BB582-D8A8-4BD3-9F64-1610FCC14EF4}.Production|Any CPU.ActiveCfg = Debug|Any CPU
		{434BB582-D8A8-4BD3-9F64-1610FCC14EF4}.Production|Any CPU.Build.0 = Debug|Any CPU
		{434BB582-D8A8-4BD3-9F64-1610FCC14EF4}.Release|Any CPU.ActiveCfg = Release|Any CPU
		{434BB582-D8A8-4BD3-9F64-1610FCC14EF4}.Release|Any CPU.Build.0 = Release|Any CPU
		{F321D110-C9CE-4FE5-8B62-875733CD868E}.Debug|Any CPU.ActiveCfg = Debug|Any CPU
		{F321D110-C9CE-4FE5-8B62-875733CD868E}.Debug|Any CPU.Build.0 = Debug|Any CPU
		{F321D110-C9CE-4FE5-8B62-875733CD868E}.Production|Any CPU.ActiveCfg = Debug|Any CPU
		{F321D110-C9CE-4FE5-8B62-875733CD868E}.Production|Any CPU.Build.0 = Debug|Any CPU
		{F321D110-C9CE-4FE5-8B62-875733CD868E}.Release|Any CPU.ActiveCfg = Release|Any CPU
		{F321D110-C9CE-4FE5-8B62-875733CD868E}.Release|Any CPU.Build.0 = Release|Any CPU
	EndGlobalSection
	GlobalSection(SolutionProperties) = preSolution
		HideSolutionNode = FALSE
	EndGlobalSection
	GlobalSection(ExtensibilityGlobals) = postSolution
		SolutionGuid = {BB20D9CA-EC48-4736-9D93-759B50FA9231}
	EndGlobalSection
EndGlobal
